// !$*UTF8*$!
{
	archiveVersion = 1;
	classes = {
	};
	objectVersion = 77;
	objects = {

/* Begin PBXBuildFile section */
		050E59F12D89C128005F0492 /* LoginView.swift in Sources */ = {isa = PBXBuildFile; fileRef = 050E59F02D89C128005F0492 /* LoginView.swift */; };
		050E59F42D89C1FE005F0492 /* EmailField.swift in Sources */ = {isa = PBXBuildFile; fileRef = 050E59F32D89C1FE005F0492 /* EmailField.swift */; };
		050E59F72D89C24C005F0492 /* DefaultTextFieldStyle.swift in Sources */ = {isa = PBXBuildFile; fileRef = 050E59F62D89C24C005F0492 /* DefaultTextFieldStyle.swift */; };
		050E59F92D89C41E005F0492 /* PasswordField.swift in Sources */ = {isa = PBXBuildFile; fileRef = 050E59F82D89C41E005F0492 /* PasswordField.swift */; };
		050E59FB2D89C55B005F0492 /* LoginViewModel.swift in Sources */ = {isa = PBXBuildFile; fileRef = 050E59FA2D89C55B005F0492 /* LoginViewModel.swift */; };
		050E59FE2D89C5AE005F0492 /* BaseViewModel.swift in Sources */ = {isa = PBXBuildFile; fileRef = 050E59FD2D89C5AE005F0492 /* BaseViewModel.swift */; };
		050E5A002D89C5E8005F0492 /* HostingController.swift in Sources */ = {isa = PBXBuildFile; fileRef = 050E59FF2D89C5E8005F0492 /* HostingController.swift */; };
		050E5A022D89C831005F0492 /* AuthCoordinator.swift in Sources */ = {isa = PBXBuildFile; fileRef = 050E5A012D89C831005F0492 /* AuthCoordinator.swift */; };
		050E5A062D89CA70005F0492 /* RegisterView.swift in Sources */ = {isa = PBXBuildFile; fileRef = 050E5A052D89CA70005F0492 /* RegisterView.swift */; };
		050E5A082D89CA8C005F0492 /* RegisterViewModel.swift in Sources */ = {isa = PBXBuildFile; fileRef = 050E5A072D89CA8C005F0492 /* RegisterViewModel.swift */; };
		0551C1312D89FE2A003FE2A1 /* HomeView.swift in Sources */ = {isa = PBXBuildFile; fileRef = 0551C1302D89FE2A003FE2A1 /* HomeView.swift */; };
		0551C1332D89FF29003FE2A1 /* MainCoordinator.swift in Sources */ = {isa = PBXBuildFile; fileRef = 0551C1322D89FF29003FE2A1 /* MainCoordinator.swift */; };
		0551C1362D8A00A1003FE2A1 /* HomeCoordinator.swift in Sources */ = {isa = PBXBuildFile; fileRef = 0551C1352D8A00A1003FE2A1 /* HomeCoordinator.swift */; };
		0551C1382D8A01BB003FE2A1 /* LocationsCoordinator.swift in Sources */ = {isa = PBXBuildFile; fileRef = 0551C1372D8A01BB003FE2A1 /* LocationsCoordinator.swift */; };
		0551C13B2D8A01E3003FE2A1 /* LocationsView.swift in Sources */ = {isa = PBXBuildFile; fileRef = 0551C13A2D8A01E3003FE2A1 /* LocationsView.swift */; };
		0551C13E2D8A020B003FE2A1 /* MoreView.swift in Sources */ = {isa = PBXBuildFile; fileRef = 0551C13D2D8A020B003FE2A1 /* MoreView.swift */; };
		0551C1402D8A0220003FE2A1 /* MoreCoordinator.swift in Sources */ = {isa = PBXBuildFile; fileRef = 0551C13F2D8A0220003FE2A1 /* MoreCoordinator.swift */; };
		0551C1442D8A0781003FE2A1 /* AccountView.swift in Sources */ = {isa = PBXBuildFile; fileRef = 0551C1432D8A0781003FE2A1 /* AccountView.swift */; };
		0551C1462D8A0919003FE2A1 /* ListRow.swift in Sources */ = {isa = PBXBuildFile; fileRef = 0551C1452D8A0919003FE2A1 /* ListRow.swift */; };
		0551C1482D8A0B60003FE2A1 /* AccountViewModel.swift in Sources */ = {isa = PBXBuildFile; fileRef = 0551C1472D8A0B60003FE2A1 /* AccountViewModel.swift */; };
		0551C14A2D8A0CBF003FE2A1 /* AccountHostingController.swift in Sources */ = {isa = PBXBuildFile; fileRef = 0551C1492D8A0CBF003FE2A1 /* AccountHostingController.swift */; };
		0551C14D2D8A0DCE003FE2A1 /* UIViewControllerExtensions.swift in Sources */ = {isa = PBXBuildFile; fileRef = 0551C14C2D8A0DCE003FE2A1 /* UIViewControllerExtensions.swift */; };
		0551C14F2D8A1087003FE2A1 /* MoreViewModel.swift in Sources */ = {isa = PBXBuildFile; fileRef = 0551C14E2D8A1087003FE2A1 /* MoreViewModel.swift */; };
		05EBAE9F2D871C3C007A8E48 /* Assets.xcassets in Resources */ = {isa = PBXBuildFile; fileRef = 05EBAE9A2D871C3C007A8E48 /* Assets.xcassets */; };
		05EBAEA12D871C3C007A8E48 /* LaunchScreen.storyboard in Resources */ = {isa = PBXBuildFile; fileRef = 05EBAE9D2D871C3C007A8E48 /* LaunchScreen.storyboard */; };
		05EBAEA22D871C3C007A8E48 /* AppDelegate.swift in Sources */ = {isa = PBXBuildFile; fileRef = 05EBAE992D871C3C007A8E48 /* AppDelegate.swift */; };
		05EBAEA82D871E4F007A8E48 /* ApplicationCoordinator.swift in Sources */ = {isa = PBXBuildFile; fileRef = 05EBAEA72D871E4F007A8E48 /* ApplicationCoordinator.swift */; };
		05EBAEAB2D871E77007A8E48 /* BaseCoordinator.swift in Sources */ = {isa = PBXBuildFile; fileRef = 05EBAEAA2D871E77007A8E48 /* BaseCoordinator.swift */; };
		05FA3FDC2D8DDFF9009AB3DD /* EditAccountView.swift in Sources */ = {isa = PBXBuildFile; fileRef = 05FA3FDB2D8DDFF9009AB3DD /* EditAccountView.swift */; };
		05FA3FDE2D8DE03B009AB3DD /* EditAccountViewModel.swift in Sources */ = {isa = PBXBuildFile; fileRef = 05FA3FDD2D8DE03B009AB3DD /* EditAccountViewModel.swift */; };
		05FA3FE02D8DE4C8009AB3DD /* EditAccountHostingController.swift in Sources */ = {isa = PBXBuildFile; fileRef = 05FA3FDF2D8DE4C8009AB3DD /* EditAccountHostingController.swift */; };
		05FA3FE62D8DE624009AB3DD /* ConfirmEmailViewModel.swift in Sources */ = {isa = PBXBuildFile; fileRef = 05FA3FE52D8DE624009AB3DD /* ConfirmEmailViewModel.swift */; };
		05FA3FE82D8DE635009AB3DD /* ConfirmEmailView.swift in Sources */ = {isa = PBXBuildFile; fileRef = 05FA3FE72D8DE635009AB3DD /* ConfirmEmailView.swift */; };
		05FA3FEA2D8DE801009AB3DD /* ConfirmEmailHostingController.swift in Sources */ = {isa = PBXBuildFile; fileRef = 05FA3FE92D8DE801009AB3DD /* ConfirmEmailHostingController.swift */; };
		05FA3FEC2D8DE8B6009AB3DD /* AccountCoordinator.swift in Sources */ = {isa = PBXBuildFile; fileRef = 05FA3FEB2D8DE8B6009AB3DD /* AccountCoordinator.swift */; };
		05FA3FEF2D8DEF02009AB3DD /* ConfirmEmailCoordinating.swift in Sources */ = {isa = PBXBuildFile; fileRef = 05FA3FEE2D8DEF02009AB3DD /* ConfirmEmailCoordinating.swift */; };
		05FA3FF12D8DF1E3009AB3DD /* NotificationNameExtensions.swift in Sources */ = {isa = PBXBuildFile; fileRef = 05FA3FF02D8DF1E3009AB3DD /* NotificationNameExtensions.swift */; };
/* End PBXBuildFile section */

/* Begin PBXFileReference section */
		050E59F02D89C128005F0492 /* LoginView.swift */ = {isa = PBXFileReference; lastKnownFileType = sourcecode.swift; path = LoginView.swift; sourceTree = "<group>"; };
		050E59F32D89C1FE005F0492 /* EmailField.swift */ = {isa = PBXFileReference; lastKnownFileType = sourcecode.swift; path = EmailField.swift; sourceTree = "<group>"; };
		050E59F62D89C24C005F0492 /* DefaultTextFieldStyle.swift */ = {isa = PBXFileReference; lastKnownFileType = sourcecode.swift; path = DefaultTextFieldStyle.swift; sourceTree = "<group>"; };
		050E59F82D89C41E005F0492 /* PasswordField.swift */ = {isa = PBXFileReference; lastKnownFileType = sourcecode.swift; path = PasswordField.swift; sourceTree = "<group>"; };
		050E59FA2D89C55B005F0492 /* LoginViewModel.swift */ = {isa = PBXFileReference; lastKnownFileType = sourcecode.swift; path = LoginViewModel.swift; sourceTree = "<group>"; };
		050E59FD2D89C5AE005F0492 /* BaseViewModel.swift */ = {isa = PBXFileReference; lastKnownFileType = sourcecode.swift; path = BaseViewModel.swift; sourceTree = "<group>"; };
		050E59FF2D89C5E8005F0492 /* HostingController.swift */ = {isa = PBXFileReference; lastKnownFileType = sourcecode.swift; path = HostingController.swift; sourceTree = "<group>"; };
		050E5A012D89C831005F0492 /* AuthCoordinator.swift */ = {isa = PBXFileReference; lastKnownFileType = sourcecode.swift; path = AuthCoordinator.swift; sourceTree = "<group>"; };
		050E5A052D89CA70005F0492 /* RegisterView.swift */ = {isa = PBXFileReference; lastKnownFileType = sourcecode.swift; path = RegisterView.swift; sourceTree = "<group>"; };
		050E5A072D89CA8C005F0492 /* RegisterViewModel.swift */ = {isa = PBXFileReference; lastKnownFileType = sourcecode.swift; path = RegisterViewModel.swift; sourceTree = "<group>"; };
		0551C1302D89FE2A003FE2A1 /* HomeView.swift */ = {isa = PBXFileReference; lastKnownFileType = sourcecode.swift; path = HomeView.swift; sourceTree = "<group>"; };
		0551C1322D89FF29003FE2A1 /* MainCoordinator.swift */ = {isa = PBXFileReference; lastKnownFileType = sourcecode.swift; path = MainCoordinator.swift; sourceTree = "<group>"; };
		0551C1352D8A00A1003FE2A1 /* HomeCoordinator.swift */ = {isa = PBXFileReference; lastKnownFileType = sourcecode.swift; path = HomeCoordinator.swift; sourceTree = "<group>"; };
		0551C1372D8A01BB003FE2A1 /* LocationsCoordinator.swift */ = {isa = PBXFileReference; lastKnownFileType = sourcecode.swift; path = LocationsCoordinator.swift; sourceTree = "<group>"; };
		0551C13A2D8A01E3003FE2A1 /* LocationsView.swift */ = {isa = PBXFileReference; lastKnownFileType = sourcecode.swift; path = LocationsView.swift; sourceTree = "<group>"; };
		0551C13D2D8A020B003FE2A1 /* MoreView.swift */ = {isa = PBXFileReference; lastKnownFileType = sourcecode.swift; path = MoreView.swift; sourceTree = "<group>"; };
		0551C13F2D8A0220003FE2A1 /* MoreCoordinator.swift */ = {isa = PBXFileReference; lastKnownFileType = sourcecode.swift; path = MoreCoordinator.swift; sourceTree = "<group>"; };
		0551C1432D8A0781003FE2A1 /* AccountView.swift */ = {isa = PBXFileReference; lastKnownFileType = sourcecode.swift; path = AccountView.swift; sourceTree = "<group>"; };
		0551C1452D8A0919003FE2A1 /* ListRow.swift */ = {isa = PBXFileReference; lastKnownFileType = sourcecode.swift; path = ListRow.swift; sourceTree = "<group>"; };
		0551C1472D8A0B60003FE2A1 /* AccountViewModel.swift */ = {isa = PBXFileReference; lastKnownFileType = sourcecode.swift; path = AccountViewModel.swift; sourceTree = "<group>"; };
		0551C1492D8A0CBF003FE2A1 /* AccountHostingController.swift */ = {isa = PBXFileReference; lastKnownFileType = sourcecode.swift; path = AccountHostingController.swift; sourceTree = "<group>"; };
		0551C14C2D8A0DCE003FE2A1 /* UIViewControllerExtensions.swift */ = {isa = PBXFileReference; lastKnownFileType = sourcecode.swift; path = UIViewControllerExtensions.swift; sourceTree = "<group>"; };
		0551C14E2D8A1087003FE2A1 /* MoreViewModel.swift */ = {isa = PBXFileReference; lastKnownFileType = sourcecode.swift; path = MoreViewModel.swift; sourceTree = "<group>"; };
		05EBAE812D871B6E007A8E48 /* UIKit Coordinator Pattern.app */ = {isa = PBXFileReference; explicitFileType = wrapper.application; includeInIndex = 0; path = "UIKit Coordinator Pattern.app"; sourceTree = BUILT_PRODUCTS_DIR; };
		05EBAE992D871C3C007A8E48 /* AppDelegate.swift */ = {isa = PBXFileReference; lastKnownFileType = sourcecode.swift; path = AppDelegate.swift; sourceTree = "<group>"; };
		05EBAE9A2D871C3C007A8E48 /* Assets.xcassets */ = {isa = PBXFileReference; lastKnownFileType = folder.assetcatalog; path = Assets.xcassets; sourceTree = "<group>"; };
		05EBAE9B2D871C3C007A8E48 /* Info.plist */ = {isa = PBXFileReference; lastKnownFileType = text.plist.xml; path = Info.plist; sourceTree = "<group>"; };
		05EBAE9C2D871C3C007A8E48 /* Base */ = {isa = PBXFileReference; lastKnownFileType = file.storyboard; name = Base; path = Base.lproj/LaunchScreen.storyboard; sourceTree = "<group>"; };
		05EBAEA72D871E4F007A8E48 /* ApplicationCoordinator.swift */ = {isa = PBXFileReference; lastKnownFileType = sourcecode.swift; path = ApplicationCoordinator.swift; sourceTree = "<group>"; };
		05EBAEAA2D871E77007A8E48 /* BaseCoordinator.swift */ = {isa = PBXFileReference; lastKnownFileType = sourcecode.swift; path = BaseCoordinator.swift; sourceTree = "<group>"; };
		05FA3FDB2D8DDFF9009AB3DD /* EditAccountView.swift */ = {isa = PBXFileReference; lastKnownFileType = sourcecode.swift; path = EditAccountView.swift; sourceTree = "<group>"; };
		05FA3FDD2D8DE03B009AB3DD /* EditAccountViewModel.swift */ = {isa = PBXFileReference; lastKnownFileType = sourcecode.swift; path = EditAccountViewModel.swift; sourceTree = "<group>"; };
		05FA3FDF2D8DE4C8009AB3DD /* EditAccountHostingController.swift */ = {isa = PBXFileReference; lastKnownFileType = sourcecode.swift; path = EditAccountHostingController.swift; sourceTree = "<group>"; };
		05FA3FE52D8DE624009AB3DD /* ConfirmEmailViewModel.swift */ = {isa = PBXFileReference; lastKnownFileType = sourcecode.swift; path = ConfirmEmailViewModel.swift; sourceTree = "<group>"; };
		05FA3FE72D8DE635009AB3DD /* ConfirmEmailView.swift */ = {isa = PBXFileReference; lastKnownFileType = sourcecode.swift; path = ConfirmEmailView.swift; sourceTree = "<group>"; };
		05FA3FE92D8DE801009AB3DD /* ConfirmEmailHostingController.swift */ = {isa = PBXFileReference; lastKnownFileType = sourcecode.swift; path = ConfirmEmailHostingController.swift; sourceTree = "<group>"; };
		05FA3FEB2D8DE8B6009AB3DD /* AccountCoordinator.swift */ = {isa = PBXFileReference; lastKnownFileType = sourcecode.swift; path = AccountCoordinator.swift; sourceTree = "<group>"; };
		05FA3FEE2D8DEF02009AB3DD /* ConfirmEmailCoordinating.swift */ = {isa = PBXFileReference; lastKnownFileType = sourcecode.swift; path = ConfirmEmailCoordinating.swift; sourceTree = "<group>"; };
		05FA3FF02D8DF1E3009AB3DD /* NotificationNameExtensions.swift */ = {isa = PBXFileReference; lastKnownFileType = sourcecode.swift; path = NotificationNameExtensions.swift; sourceTree = "<group>"; };
/* End PBXFileReference section */

/* Begin PBXFrameworksBuildPhase section */
		05EBAE7E2D871B6E007A8E48 /* Frameworks */ = {
			isa = PBXFrameworksBuildPhase;
			buildActionMask = 2147483647;
			files = (
			);
			runOnlyForDeploymentPostprocessing = 0;
		};
/* End PBXFrameworksBuildPhase section */

/* Begin PBXGroup section */
		050E59EF2D89C111005F0492 /* Login */ = {
			isa = PBXGroup;
			children = (
				050E59F02D89C128005F0492 /* LoginView.swift */,
				050E59FA2D89C55B005F0492 /* LoginViewModel.swift */,
			);
			path = Login;
			sourceTree = "<group>";
		};
		050E59F22D89C1E6005F0492 /* Shared Views */ = {
			isa = PBXGroup;
			children = (
				050E59F32D89C1FE005F0492 /* EmailField.swift */,
				0551C1452D8A0919003FE2A1 /* ListRow.swift */,
				050E59F82D89C41E005F0492 /* PasswordField.swift */,
				050E59F52D89C237005F0492 /* TextField Styles */,
			);
			path = "Shared Views";
			sourceTree = "<group>";
		};
		050E59F52D89C237005F0492 /* TextField Styles */ = {
			isa = PBXGroup;
			children = (
				050E59F62D89C24C005F0492 /* DefaultTextFieldStyle.swift */,
			);
			path = "TextField Styles";
			sourceTree = "<group>";
		};
		050E59FC2D89C59A005F0492 /* Core */ = {
			isa = PBXGroup;
			children = (
				050E59FD2D89C5AE005F0492 /* BaseViewModel.swift */,
				050E59FF2D89C5E8005F0492 /* HostingController.swift */,
			);
			path = Core;
			sourceTree = "<group>";
		};
		050E5A032D89C838005F0492 /* Flows */ = {
			isa = PBXGroup;
			children = (
				050E5A012D89C831005F0492 /* AuthCoordinator.swift */,
				0551C1322D89FF29003FE2A1 /* MainCoordinator.swift */,
				05FA3FEB2D8DE8B6009AB3DD /* AccountCoordinator.swift */,
			);
			path = Flows;
			sourceTree = "<group>";
		};
		050E5A042D89CA62005F0492 /* Register */ = {
			isa = PBXGroup;
			children = (
				050E5A052D89CA70005F0492 /* RegisterView.swift */,
				050E5A072D89CA8C005F0492 /* RegisterViewModel.swift */,
			);
			path = Register;
			sourceTree = "<group>";
		};
		0551C12F2D89FE11003FE2A1 /* Home */ = {
			isa = PBXGroup;
			children = (
				0551C1302D89FE2A003FE2A1 /* HomeView.swift */,
			);
			path = Home;
			sourceTree = "<group>";
		};
		0551C1342D8A008E003FE2A1 /* Tab Flows */ = {
			isa = PBXGroup;
			children = (
				0551C1352D8A00A1003FE2A1 /* HomeCoordinator.swift */,
				0551C1372D8A01BB003FE2A1 /* LocationsCoordinator.swift */,
				0551C13F2D8A0220003FE2A1 /* MoreCoordinator.swift */,
			);
			path = "Tab Flows";
			sourceTree = "<group>";
		};
		0551C1392D8A01D7003FE2A1 /* Locations */ = {
			isa = PBXGroup;
			children = (
				0551C13A2D8A01E3003FE2A1 /* LocationsView.swift */,
			);
			path = Locations;
			sourceTree = "<group>";
		};
		0551C13C2D8A0203003FE2A1 /* More */ = {
			isa = PBXGroup;
			children = (
				0551C13D2D8A020B003FE2A1 /* MoreView.swift */,
				0551C14E2D8A1087003FE2A1 /* MoreViewModel.swift */,
			);
			path = More;
			sourceTree = "<group>";
		};
		0551C1412D8A076A003FE2A1 /* Account Screens */ = {
			isa = PBXGroup;
			children = (
				0551C1422D8A0772003FE2A1 /* Account */,
				05FA3FDA2D8DDFD5009AB3DD /* Edit Account */,
			);
			path = "Account Screens";
			sourceTree = "<group>";
		};
		0551C1422D8A0772003FE2A1 /* Account */ = {
			isa = PBXGroup;
			children = (
				0551C1432D8A0781003FE2A1 /* AccountView.swift */,
				0551C1472D8A0B60003FE2A1 /* AccountViewModel.swift */,
				0551C1492D8A0CBF003FE2A1 /* AccountHostingController.swift */,
			);
			path = Account;
			sourceTree = "<group>";
		};
		0551C14B2D8A0DB8003FE2A1 /* Extensions */ = {
			isa = PBXGroup;
			children = (
				0551C14C2D8A0DCE003FE2A1 /* UIViewControllerExtensions.swift */,
				05FA3FF02D8DF1E3009AB3DD /* NotificationNameExtensions.swift */,
			);
			path = Extensions;
			sourceTree = "<group>";
		};
		05EBAE782D871B6E007A8E48 = {
			isa = PBXGroup;
			children = (
				05EBAE9E2D871C3C007A8E48 /* UIKit Coordinator Pattern */,
				05EBAE822D871B6E007A8E48 /* Products */,
			);
			sourceTree = "<group>";
		};
		05EBAE822D871B6E007A8E48 /* Products */ = {
			isa = PBXGroup;
			children = (
				05EBAE812D871B6E007A8E48 /* UIKit Coordinator Pattern.app */,
			);
			name = Products;
			sourceTree = "<group>";
		};
		05EBAE9E2D871C3C007A8E48 /* UIKit Coordinator Pattern */ = {
			isa = PBXGroup;
			children = (
				05EBAE992D871C3C007A8E48 /* AppDelegate.swift */,
				05EBAE9A2D871C3C007A8E48 /* Assets.xcassets */,
				05EBAEA62D871E32007A8E48 /* Coordinators (Navigation) */,
				050E59FC2D89C59A005F0492 /* Core */,
				0551C14B2D8A0DB8003FE2A1 /* Extensions */,
				05EBAE9B2D871C3C007A8E48 /* Info.plist */,
				05EBAE9D2D871C3C007A8E48 /* LaunchScreen.storyboard */,
				05EBAEA32D871C6C007A8E48 /* Screens */,
				050E59F22D89C1E6005F0492 /* Shared Views */,
			);
			path = "UIKit Coordinator Pattern";
			sourceTree = "<group>";
		};
		05EBAEA32D871C6C007A8E48 /* Screens */ = {
			isa = PBXGroup;
			children = (
				0551C1412D8A076A003FE2A1 /* Account Screens */,
				05FA3FE12D8DE609009AB3DD /* Confirm Email */,
				0551C12F2D89FE11003FE2A1 /* Home */,
				0551C1392D8A01D7003FE2A1 /* Locations */,
				050E59EF2D89C111005F0492 /* Login */,
				0551C13C2D8A0203003FE2A1 /* More */,
				050E5A042D89CA62005F0492 /* Register */,
			);
			path = Screens;
			sourceTree = "<group>";
		};
		05EBAEA62D871E32007A8E48 /* Coordinators (Navigation) */ = {
			isa = PBXGroup;
			children = (
				05EBAEA72D871E4F007A8E48 /* ApplicationCoordinator.swift */,
				050E5A032D89C838005F0492 /* Flows */,
				05EBAEA92D871E65007A8E48 /* Structure */,
				05FA3FED2D8DEEEA009AB3DD /* Supporting */,
				0551C1342D8A008E003FE2A1 /* Tab Flows */,
			);
			path = "Coordinators (Navigation)";
			sourceTree = "<group>";
		};
		05EBAEA92D871E65007A8E48 /* Structure */ = {
			isa = PBXGroup;
			children = (
				05EBAEAA2D871E77007A8E48 /* BaseCoordinator.swift */,
			);
			path = Structure;
			sourceTree = "<group>";
		};
		05FA3FDA2D8DDFD5009AB3DD /* Edit Account */ = {
			isa = PBXGroup;
			children = (
				05FA3FDB2D8DDFF9009AB3DD /* EditAccountView.swift */,
				05FA3FDD2D8DE03B009AB3DD /* EditAccountViewModel.swift */,
				05FA3FDF2D8DE4C8009AB3DD /* EditAccountHostingController.swift */,
			);
			path = "Edit Account";
			sourceTree = "<group>";
		};
		05FA3FE12D8DE609009AB3DD /* Confirm Email */ = {
			isa = PBXGroup;
			children = (
				05FA3FE72D8DE635009AB3DD /* ConfirmEmailView.swift */,
				05FA3FE52D8DE624009AB3DD /* ConfirmEmailViewModel.swift */,
				05FA3FE92D8DE801009AB3DD /* ConfirmEmailHostingController.swift */,
			);
			path = "Confirm Email";
			sourceTree = "<group>";
		};
		05FA3FED2D8DEEEA009AB3DD /* Supporting */ = {
			isa = PBXGroup;
			children = (
				05FA3FEE2D8DEF02009AB3DD /* ConfirmEmailCoordinating.swift */,
			);
			path = Supporting;
			sourceTree = "<group>";
		};
/* End PBXGroup section */

/* Begin PBXNativeTarget section */
		05EBAE802D871B6E007A8E48 /* UIKit Coordinator Pattern */ = {
			isa = PBXNativeTarget;
			buildConfigurationList = 05EBAE942D871B70007A8E48 /* Build configuration list for PBXNativeTarget "UIKit Coordinator Pattern" */;
			buildPhases = (
				05EBAE7D2D871B6E007A8E48 /* Sources */,
				05EBAE7E2D871B6E007A8E48 /* Frameworks */,
				05EBAE7F2D871B6E007A8E48 /* Resources */,
			);
			buildRules = (
			);
			dependencies = (
			);
			name = "UIKit Coordinator Pattern";
			packageProductDependencies = (
			);
			productName = "UIKit Coordinator Pattern";
			productReference = 05EBAE812D871B6E007A8E48 /* UIKit Coordinator Pattern.app */;
			productType = "com.apple.product-type.application";
		};
/* End PBXNativeTarget section */

/* Begin PBXProject section */
		05EBAE792D871B6E007A8E48 /* Project object */ = {
			isa = PBXProject;
			attributes = {
				BuildIndependentTargetsInParallel = 1;
				LastSwiftUpdateCheck = 1620;
				LastUpgradeCheck = 1620;
				TargetAttributes = {
					05EBAE802D871B6E007A8E48 = {
						CreatedOnToolsVersion = 16.2;
					};
				};
			};
			buildConfigurationList = 05EBAE7C2D871B6E007A8E48 /* Build configuration list for PBXProject "UIKit Coordinator Pattern" */;
			developmentRegion = en;
			hasScannedForEncodings = 0;
			knownRegions = (
				en,
				Base,
			);
			mainGroup = 05EBAE782D871B6E007A8E48;
			minimizedProjectReferenceProxies = 1;
			preferredProjectObjectVersion = 77;
			productRefGroup = 05EBAE822D871B6E007A8E48 /* Products */;
			projectDirPath = "";
			projectRoot = "";
			targets = (
				05EBAE802D871B6E007A8E48 /* UIKit Coordinator Pattern */,
			);
		};
/* End PBXProject section */

/* Begin PBXResourcesBuildPhase section */
		05EBAE7F2D871B6E007A8E48 /* Resources */ = {
			isa = PBXResourcesBuildPhase;
			buildActionMask = 2147483647;
			files = (
				05EBAE9F2D871C3C007A8E48 /* Assets.xcassets in Resources */,
				05EBAEA12D871C3C007A8E48 /* LaunchScreen.storyboard in Resources */,
			);
			runOnlyForDeploymentPostprocessing = 0;
		};
/* End PBXResourcesBuildPhase section */

/* Begin PBXSourcesBuildPhase section */
		05EBAE7D2D871B6E007A8E48 /* Sources */ = {
			isa = PBXSourcesBuildPhase;
			buildActionMask = 2147483647;
			files = (
				050E59F72D89C24C005F0492 /* DefaultTextFieldStyle.swift in Sources */,
				050E59FE2D89C5AE005F0492 /* BaseViewModel.swift in Sources */,
				050E5A062D89CA70005F0492 /* RegisterView.swift in Sources */,
				05FA3FE02D8DE4C8009AB3DD /* EditAccountHostingController.swift in Sources */,
				0551C1362D8A00A1003FE2A1 /* HomeCoordinator.swift in Sources */,
				0551C1312D89FE2A003FE2A1 /* HomeView.swift in Sources */,
				050E59F42D89C1FE005F0492 /* EmailField.swift in Sources */,
				05EBAEA22D871C3C007A8E48 /* AppDelegate.swift in Sources */,
				0551C14F2D8A1087003FE2A1 /* MoreViewModel.swift in Sources */,
				05FA3FE62D8DE624009AB3DD /* ConfirmEmailViewModel.swift in Sources */,
				05FA3FEF2D8DEF02009AB3DD /* ConfirmEmailCoordinating.swift in Sources */,
				05FA3FDE2D8DE03B009AB3DD /* EditAccountViewModel.swift in Sources */,
				05EBAEA82D871E4F007A8E48 /* ApplicationCoordinator.swift in Sources */,
				0551C1462D8A0919003FE2A1 /* ListRow.swift in Sources */,
				050E59F92D89C41E005F0492 /* PasswordField.swift in Sources */,
				0551C1332D89FF29003FE2A1 /* MainCoordinator.swift in Sources */,
				0551C1482D8A0B60003FE2A1 /* AccountViewModel.swift in Sources */,
				0551C13B2D8A01E3003FE2A1 /* LocationsView.swift in Sources */,
				050E59F12D89C128005F0492 /* LoginView.swift in Sources */,
				0551C14A2D8A0CBF003FE2A1 /* AccountHostingController.swift in Sources */,
				0551C1402D8A0220003FE2A1 /* MoreCoordinator.swift in Sources */,
				05FA3FEA2D8DE801009AB3DD /* ConfirmEmailHostingController.swift in Sources */,
				050E5A082D89CA8C005F0492 /* RegisterViewModel.swift in Sources */,
				0551C14D2D8A0DCE003FE2A1 /* UIViewControllerExtensions.swift in Sources */,
				05FA3FF12D8DF1E3009AB3DD /* NotificationNameExtensions.swift in Sources */,
				05EBAEAB2D871E77007A8E48 /* BaseCoordinator.swift in Sources */,
				050E5A002D89C5E8005F0492 /* HostingController.swift in Sources */,
				05FA3FDC2D8DDFF9009AB3DD /* EditAccountView.swift in Sources */,
				0551C1382D8A01BB003FE2A1 /* LocationsCoordinator.swift in Sources */,
				050E5A022D89C831005F0492 /* AuthCoordinator.swift in Sources */,
				0551C1442D8A0781003FE2A1 /* AccountView.swift in Sources */,
				05FA3FEC2D8DE8B6009AB3DD /* AccountCoordinator.swift in Sources */,
				05FA3FE82D8DE635009AB3DD /* ConfirmEmailView.swift in Sources */,
				050E59FB2D89C55B005F0492 /* LoginViewModel.swift in Sources */,
				0551C13E2D8A020B003FE2A1 /* MoreView.swift in Sources */,
			);
			runOnlyForDeploymentPostprocessing = 0;
		};
/* End PBXSourcesBuildPhase section */

/* Begin PBXVariantGroup section */
		05EBAE9D2D871C3C007A8E48 /* LaunchScreen.storyboard */ = {
			isa = PBXVariantGroup;
			children = (
				05EBAE9C2D871C3C007A8E48 /* Base */,
			);
			name = LaunchScreen.storyboard;
			sourceTree = "<group>";
		};
/* End PBXVariantGroup section */

/* Begin XCBuildConfiguration section */
		05EBAE952D871B70007A8E48 /* Debug */ = {
			isa = XCBuildConfiguration;
			buildSettings = {
				ASSETCATALOG_COMPILER_APPICON_NAME = AppIcon;
				ASSETCATALOG_COMPILER_GLOBAL_ACCENT_COLOR_NAME = AccentColor;
				CODE_SIGN_STYLE = Automatic;
				CURRENT_PROJECT_VERSION = 1;
				GENERATE_INFOPLIST_FILE = YES;
				INFOPLIST_FILE = "UIKit Coordinator Pattern/Info.plist";
				INFOPLIST_KEY_UIApplicationSupportsIndirectInputEvents = YES;
				INFOPLIST_KEY_UILaunchStoryboardName = LaunchScreen;
				INFOPLIST_KEY_UISupportedInterfaceOrientations_iPad = "UIInterfaceOrientationPortrait UIInterfaceOrientationPortraitUpsideDown UIInterfaceOrientationLandscapeLeft UIInterfaceOrientationLandscapeRight";
				INFOPLIST_KEY_UISupportedInterfaceOrientations_iPhone = "UIInterfaceOrientationPortrait UIInterfaceOrientationLandscapeLeft UIInterfaceOrientationLandscapeRight";
				LD_RUNPATH_SEARCH_PATHS = (
					"$(inherited)",
					"@executable_path/Frameworks",
				);
				MARKETING_VERSION = 1.0;
				PRODUCT_BUNDLE_IDENTIFIER = "com.technecoding.UIKit-Coordinator-Pattern";
				PRODUCT_NAME = "$(TARGET_NAME)";
				SWIFT_EMIT_LOC_STRINGS = YES;
				SWIFT_VERSION = 5.0;
				TARGETED_DEVICE_FAMILY = "1,2";
			};
			name = Debug;
		};
		05EBAE962D871B70007A8E48 /* Release */ = {
			isa = XCBuildConfiguration;
			buildSettings = {
				ASSETCATALOG_COMPILER_APPICON_NAME = AppIcon;
				ASSETCATALOG_COMPILER_GLOBAL_ACCENT_COLOR_NAME = AccentColor;
				CODE_SIGN_STYLE = Automatic;
				CURRENT_PROJECT_VERSION = 1;
				GENERATE_INFOPLIST_FILE = YES;
				INFOPLIST_FILE = "UIKit Coordinator Pattern/Info.plist";
				INFOPLIST_KEY_UIApplicationSupportsIndirectInputEvents = YES;
				INFOPLIST_KEY_UILaunchStoryboardName = LaunchScreen;
				INFOPLIST_KEY_UISupportedInterfaceOrientations_iPad = "UIInterfaceOrientationPortrait UIInterfaceOrientationPortraitUpsideDown UIInterfaceOrientationLandscapeLeft UIInterfaceOrientationLandscapeRight";
				INFOPLIST_KEY_UISupportedInterfaceOrientations_iPhone = "UIInterfaceOrientationPortrait UIInterfaceOrientationLandscapeLeft UIInterfaceOrientationLandscapeRight";
				LD_RUNPATH_SEARCH_PATHS = (
					"$(inherited)",
					"@executable_path/Frameworks",
				);
				MARKETING_VERSION = 1.0;
				PRODUCT_BUNDLE_IDENTIFIER = "com.technecoding.UIKit-Coordinator-Pattern";
				PRODUCT_NAME = "$(TARGET_NAME)";
				SWIFT_EMIT_LOC_STRINGS = YES;
				SWIFT_VERSION = 5.0;
				TARGETED_DEVICE_FAMILY = "1,2";
			};
			name = Release;
		};
		05EBAE972D871B70007A8E48 /* Debug */ = {
			isa = XCBuildConfiguration;
			buildSettings = {
				ALWAYS_SEARCH_USER_PATHS = NO;
				ASSETCATALOG_COMPILER_GENERATE_SWIFT_ASSET_SYMBOL_EXTENSIONS = YES;
				CLANG_ANALYZER_NONNULL = YES;
				CLANG_ANALYZER_NUMBER_OBJECT_CONVERSION = YES_AGGRESSIVE;
				CLANG_CXX_LANGUAGE_STANDARD = "gnu++20";
				CLANG_ENABLE_MODULES = YES;
				CLANG_ENABLE_OBJC_ARC = YES;
				CLANG_ENABLE_OBJC_WEAK = YES;
				CLANG_WARN_BLOCK_CAPTURE_AUTORELEASING = YES;
				CLANG_WARN_BOOL_CONVERSION = YES;
				CLANG_WARN_COMMA = YES;
				CLANG_WARN_CONSTANT_CONVERSION = YES;
				CLANG_WARN_DEPRECATED_OBJC_IMPLEMENTATIONS = YES;
				CLANG_WARN_DIRECT_OBJC_ISA_USAGE = YES_ERROR;
				CLANG_WARN_DOCUMENTATION_COMMENTS = YES;
				CLANG_WARN_EMPTY_BODY = YES;
				CLANG_WARN_ENUM_CONVERSION = YES;
				CLANG_WARN_INFINITE_RECURSION = YES;
				CLANG_WARN_INT_CONVERSION = YES;
				CLANG_WARN_NON_LITERAL_NULL_CONVERSION = YES;
				CLANG_WARN_OBJC_IMPLICIT_RETAIN_SELF = YES;
				CLANG_WARN_OBJC_LITERAL_CONVERSION = YES;
				CLANG_WARN_OBJC_ROOT_CLASS = YES_ERROR;
				CLANG_WARN_QUOTED_INCLUDE_IN_FRAMEWORK_HEADER = YES;
				CLANG_WARN_RANGE_LOOP_ANALYSIS = YES;
				CLANG_WARN_STRICT_PROTOTYPES = YES;
				CLANG_WARN_SUSPICIOUS_MOVE = YES;
				CLANG_WARN_UNGUARDED_AVAILABILITY = YES_AGGRESSIVE;
				CLANG_WARN_UNREACHABLE_CODE = YES;
				CLANG_WARN__DUPLICATE_METHOD_MATCH = YES;
				COPY_PHASE_STRIP = NO;
				DEBUG_INFORMATION_FORMAT = dwarf;
				ENABLE_STRICT_OBJC_MSGSEND = YES;
				ENABLE_TESTABILITY = YES;
				ENABLE_USER_SCRIPT_SANDBOXING = YES;
				GCC_C_LANGUAGE_STANDARD = gnu17;
				GCC_DYNAMIC_NO_PIC = NO;
				GCC_NO_COMMON_BLOCKS = YES;
				GCC_OPTIMIZATION_LEVEL = 0;
				GCC_PREPROCESSOR_DEFINITIONS = (
					"DEBUG=1",
					"$(inherited)",
				);
				GCC_WARN_64_TO_32_BIT_CONVERSION = YES;
				GCC_WARN_ABOUT_RETURN_TYPE = YES_ERROR;
				GCC_WARN_UNDECLARED_SELECTOR = YES;
				GCC_WARN_UNINITIALIZED_AUTOS = YES_AGGRESSIVE;
				GCC_WARN_UNUSED_FUNCTION = YES;
				GCC_WARN_UNUSED_VARIABLE = YES;
				IPHONEOS_DEPLOYMENT_TARGET = 18.2;
				LOCALIZATION_PREFERS_STRING_CATALOGS = YES;
				MTL_ENABLE_DEBUG_INFO = INCLUDE_SOURCE;
				MTL_FAST_MATH = YES;
				ONLY_ACTIVE_ARCH = YES;
				SDKROOT = iphoneos;
				SWIFT_ACTIVE_COMPILATION_CONDITIONS = "DEBUG $(inherited)";
				SWIFT_OPTIMIZATION_LEVEL = "-Onone";
			};
			name = Debug;
		};
		05EBAE982D871B70007A8E48 /* Release */ = {
			isa = XCBuildConfiguration;
			buildSettings = {
				ALWAYS_SEARCH_USER_PATHS = NO;
				ASSETCATALOG_COMPILER_GENERATE_SWIFT_ASSET_SYMBOL_EXTENSIONS = YES;
				CLANG_ANALYZER_NONNULL = YES;
				CLANG_ANALYZER_NUMBER_OBJECT_CONVERSION = YES_AGGRESSIVE;
				CLANG_CXX_LANGUAGE_STANDARD = "gnu++20";
				CLANG_ENABLE_MODULES = YES;
				CLANG_ENABLE_OBJC_ARC = YES;
				CLANG_ENABLE_OBJC_WEAK = YES;
				CLANG_WARN_BLOCK_CAPTURE_AUTORELEASING = YES;
				CLANG_WARN_BOOL_CONVERSION = YES;
				CLANG_WARN_COMMA = YES;
				CLANG_WARN_CONSTANT_CONVERSION = YES;
				CLANG_WARN_DEPRECATED_OBJC_IMPLEMENTATIONS = YES;
				CLANG_WARN_DIRECT_OBJC_ISA_USAGE = YES_ERROR;
				CLANG_WARN_DOCUMENTATION_COMMENTS = YES;
				CLANG_WARN_EMPTY_BODY = YES;
				CLANG_WARN_ENUM_CONVERSION = YES;
				CLANG_WARN_INFINITE_RECURSION = YES;
				CLANG_WARN_INT_CONVERSION = YES;
				CLANG_WARN_NON_LITERAL_NULL_CONVERSION = YES;
				CLANG_WARN_OBJC_IMPLICIT_RETAIN_SELF = YES;
				CLANG_WARN_OBJC_LITERAL_CONVERSION = YES;
				CLANG_WARN_OBJC_ROOT_CLASS = YES_ERROR;
				CLANG_WARN_QUOTED_INCLUDE_IN_FRAMEWORK_HEADER = YES;
				CLANG_WARN_RANGE_LOOP_ANALYSIS = YES;
				CLANG_WARN_STRICT_PROTOTYPES = YES;
				CLANG_WARN_SUSPICIOUS_MOVE = YES;
				CLANG_WARN_UNGUARDED_AVAILABILITY = YES_AGGRESSIVE;
				CLANG_WARN_UNREACHABLE_CODE = YES;
				CLANG_WARN__DUPLICATE_METHOD_MATCH = YES;
				COPY_PHASE_STRIP = NO;
				DEBUG_INFORMATION_FORMAT = "dwarf-with-dsym";
				ENABLE_NS_ASSERTIONS = NO;
				ENABLE_STRICT_OBJC_MSGSEND = YES;
				ENABLE_USER_SCRIPT_SANDBOXING = YES;
				GCC_C_LANGUAGE_STANDARD = gnu17;
				GCC_NO_COMMON_BLOCKS = YES;
				GCC_WARN_64_TO_32_BIT_CONVERSION = YES;
				GCC_WARN_ABOUT_RETURN_TYPE = YES_ERROR;
				GCC_WARN_UNDECLARED_SELECTOR = YES;
				GCC_WARN_UNINITIALIZED_AUTOS = YES_AGGRESSIVE;
				GCC_WARN_UNUSED_FUNCTION = YES;
				GCC_WARN_UNUSED_VARIABLE = YES;
				IPHONEOS_DEPLOYMENT_TARGET = 18.2;
				LOCALIZATION_PREFERS_STRING_CATALOGS = YES;
				MTL_ENABLE_DEBUG_INFO = NO;
				MTL_FAST_MATH = YES;
				SDKROOT = iphoneos;
				SWIFT_COMPILATION_MODE = wholemodule;
				VALIDATE_PRODUCT = YES;
			};
			name = Release;
		};
/* End XCBuildConfiguration section */

/* Begin XCConfigurationList section */
		05EBAE7C2D871B6E007A8E48 /* Build configuration list for PBXProject "UIKit Coordinator Pattern" */ = {
			isa = XCConfigurationList;
			buildConfigurations = (
				05EBAE972D871B70007A8E48 /* Debug */,
				05EBAE982D871B70007A8E48 /* Release */,
			);
			defaultConfigurationIsVisible = 0;
			defaultConfigurationName = Release;
		};
		05EBAE942D871B70007A8E48 /* Build configuration list for PBXNativeTarget "UIKit Coordinator Pattern" */ = {
			isa = XCConfigurationList;
			buildConfigurations = (
				05EBAE952D871B70007A8E48 /* Debug */,
				05EBAE962D871B70007A8E48 /* Release */,
			);
			defaultConfigurationIsVisible = 0;
			defaultConfigurationName = Release;
		};
/* End XCConfigurationList section */
	};
	rootObject = 05EBAE792D871B6E007A8E48 /* Project object */;
}
